
Microsoft Visual Studio Solution File, Format Version 12.00
# Visual Studio Version 17
VisualStudioVersion = 17.9.34723.18
MinimumVisualStudioVersion = 10.0.40219.1
Project("{FAE04EC0-301F-11D3-BF4B-00C04F79EFBC}") = "TestTransactions", "TestTransactions\TestTransactions.csproj", "{4A49ED7D-F2B2-491E-A79E-F95A1277D79B}"
EndProject
Global
	GlobalSection(SolutionConfigurationPlatforms) = preSolution
		Debug|Any CPU = Debug|Any CPU
		Release|Any CPU = Release|Any CPU
	EndGlobalSection
	GlobalSection(ProjectConfigurationPlatforms) = postSolution
		{4A49ED7D-F2B2-491E-A79E-F95A1277D79B}.Debug|Any CPU.ActiveCfg = Debug|Any CPU
		{4A49ED7D-F2B2-491E-A79E-F95A1277D79B}.Debug|Any CPU.Build.0 = Debug|Any CPU
		{4A49ED7D-F2B2-491E-A79E-F95A1277D79B}.Release|Any CPU.ActiveCfg = Release|Any CPU
		{4A49ED7D-F2B2-491E-A79E-F95A1277D79B}.Release|Any CPU.Build.0 = Release|Any CPU
	EndGlobalSection
	GlobalSection(SolutionProperties) = preSolution
		HideSolutionNode = FALSE
	EndGlobalSection
	GlobalSection(ExtensibilityGlobals) = postSolution
		SolutionGuid = {028EC11E-A394-4E31-9D5E-9FECF6192659}
	EndGlobalSection
EndGlobal
